
Microsoft Visual Studio Solution File, Format Version 12.00
# Visual Studio Version 17
VisualStudioVersion = 17.2.32616.157
MinimumVisualStudioVersion = 10.0.40219.1
Project("{FAE04EC0-301F-11D3-BF4B-00C04F79EFBC}") = "testgit1", "testgit1\testgit1.csproj", "{712B8052-1A79-46A4-9D47-FAE3426AEA88}"
EndProject
Global
	GlobalSection(SolutionConfigurationPlatforms) = preSolution
		Debug|Any CPU = Debug|Any CPU
		Release|Any CPU = Release|Any CPU
	EndGlobalSection
	GlobalSection(ProjectConfigurationPlatforms) = postSolution
		{712B8052-1A79-46A4-9D47-FAE3426AEA88}.Debug|Any CPU.ActiveCfg = Debug|Any CPU
		{712B8052-1A79-46A4-9D47-FAE3426AEA88}.Debug|Any CPU.Build.0 = Debug|Any CPU
		{712B8052-1A79-46A4-9D47-FAE3426AEA88}.Release|Any CPU.ActiveCfg = Release|Any CPU
		{712B8052-1A79-46A4-9D47-FAE3426AEA88}.Release|Any CPU.Build.0 = Release|Any CPU
	EndGlobalSection
	GlobalSection(SolutionProperties) = preSolution
		HideSolutionNode = FALSE
	EndGlobalSection
	GlobalSection(ExtensibilityGlobals) = postSolution
		SolutionGuid = {DFAB6752-2048-43C6-BADA-129F0D04B44E}
	EndGlobalSection
EndGlobal
